
Microsoft Visual Studio Solution File, Format Version 12.00
# Visual Studio Version 17
VisualStudioVersion = 17.0.32112.339
MinimumVisualStudioVersion = 10.0.40219.1
Project("{9A19103F-16F7-4668-BE54-9A1E7A4F7556}") = "Implement_Trace_SDR", "Implement_Trace_SDR\Implement_Trace_SDR.csproj", "{FECA6A6D-C647-4BDF-BD26-30E7ADCC639B}"
EndProject
Global
	GlobalSection(SolutionConfigurationPlatforms) = preSolution
		Debug|Any CPU = Debug|Any CPU
		Release|Any CPU = Release|Any CPU
	EndGlobalSection
	GlobalSection(ProjectConfigurationPlatforms) = postSolution
		{FECA6A6D-C647-4BDF-BD26-30E7ADCC639B}.Debug|Any CPU.ActiveCfg = Debug|Any CPU
		{FECA6A6D-C647-4BDF-BD26-30E7ADCC639B}.Debug|Any CPU.Build.0 = Debug|Any CPU
		{FECA6A6D-C647-4BDF-BD26-30E7ADCC639B}.Release|Any CPU.ActiveCfg = Release|Any CPU
		{FECA6A6D-C647-4BDF-BD26-30E7ADCC639B}.Release|Any CPU.Build.0 = Release|Any CPU
	EndGlobalSection
	GlobalSection(SolutionProperties) = preSolution
		HideSolutionNode = FALSE
	EndGlobalSection
	GlobalSection(ExtensibilityGlobals) = postSolution
		SolutionGuid = {459BB8FE-0232-4D69-9A22-6D2198D53648}
	EndGlobalSection
EndGlobal
