
Microsoft Visual Studio Solution File, Format Version 12.00
# Visual Studio Version 17
VisualStudioVersion = 17.0.31903.59
MinimumVisualStudioVersion = 10.0.40219.1
Project("{FAE04EC0-301F-11D3-BF4B-00C04F79EFBC}") = "Trace_SDR", "Trace_SDR\Trace_SDR.csproj", "{30E9138D-B6F6-495E-8A16-8976C47FCDE6}"
EndProject
Global
	GlobalSection(SolutionConfigurationPlatforms) = preSolution
		Debug|Any CPU = Debug|Any CPU
		Release|Any CPU = Release|Any CPU
	EndGlobalSection
	GlobalSection(ProjectConfigurationPlatforms) = postSolution
		{30E9138D-B6F6-495E-8A16-8976C47FCDE6}.Debug|Any CPU.ActiveCfg = Debug|Any CPU
		{30E9138D-B6F6-495E-8A16-8976C47FCDE6}.Debug|Any CPU.Build.0 = Debug|Any CPU
		{30E9138D-B6F6-495E-8A16-8976C47FCDE6}.Release|Any CPU.ActiveCfg = Release|Any CPU
		{30E9138D-B6F6-495E-8A16-8976C47FCDE6}.Release|Any CPU.Build.0 = Release|Any CPU
	EndGlobalSection
	GlobalSection(SolutionProperties) = preSolution
		HideSolutionNode = FALSE
	EndGlobalSection
	GlobalSection(ExtensibilityGlobals) = postSolution
		SolutionGuid = {419F80BF-6EA9-4FCD-A736-0C51E4D08AE7}
	EndGlobalSection
EndGlobal
